
Microsoft Visual Studio Solution File, Format Version 12.00
# Visual Studio 15
Project("{FAE04EC0-301F-11D3-BF4B-00C04F79EFBC}") = "Assembly-CSharp", "Assembly-CSharp.csproj", "{47339F9E-3B32-DA49-D601-8228A52718EC}"
EndProject
Global
	GlobalSection(SolutionConfigurationPlatforms) = preSolution
		Debug|Any CPU = Debug|Any CPU
		Release|Any CPU = Release|Any CPU
	EndGlobalSection
	GlobalSection(ProjectConfigurationPlatforms) = postSolution
		{47339F9E-3B32-DA49-D601-8228A52718EC}.Debug|Any CPU.ActiveCfg = Debug|Any CPU
		{47339F9E-3B32-DA49-D601-8228A52718EC}.Debug|Any CPU.Build.0 = Debug|Any CPU
		{47339F9E-3B32-DA49-D601-8228A52718EC}.Release|Any CPU.ActiveCfg = Release|Any CPU
		{47339F9E-3B32-DA49-D601-8228A52718EC}.Release|Any CPU.Build.0 = Release|Any CPU
	EndGlobalSection
	GlobalSection(SolutionProperties) = preSolution
		HideSolutionNode = FALSE
	EndGlobalSection
EndGlobal
