
Microsoft Visual Studio Solution File, Format Version 11.00
# Visual Studio 2010
Project("{FAE04EC0-301F-11D3-BF4B-00C04F79EFBC}") = "Assembly-CSharp", "Assembly-CSharp.csproj", "{1380BB07-4742-D70B-4779-C1B2A0F39862}"
EndProject
Project("{FAE04EC0-301F-11D3-BF4B-00C04F79EFBC}") = "Assembly-CSharp-Editor", "Assembly-CSharp-Editor.csproj", "{D62DEC51-D4B6-3537-C0FB-F64A01D648FD}"
EndProject
Global
	GlobalSection(SolutionConfigurationPlatforms) = preSolution
		Debug|Any CPU = Debug|Any CPU
		Release|Any CPU = Release|Any CPU
	EndGlobalSection
	GlobalSection(ProjectConfigurationPlatforms) = postSolution
		{1380BB07-4742-D70B-4779-C1B2A0F39862}.Debug|Any CPU.ActiveCfg = Debug|Any CPU
		{1380BB07-4742-D70B-4779-C1B2A0F39862}.Debug|Any CPU.Build.0 = Debug|Any CPU
		{1380BB07-4742-D70B-4779-C1B2A0F39862}.Release|Any CPU.ActiveCfg = Release|Any CPU
		{1380BB07-4742-D70B-4779-C1B2A0F39862}.Release|Any CPU.Build.0 = Release|Any CPU
		{D62DEC51-D4B6-3537-C0FB-F64A01D648FD}.Debug|Any CPU.ActiveCfg = Debug|Any CPU
		{D62DEC51-D4B6-3537-C0FB-F64A01D648FD}.Debug|Any CPU.Build.0 = Debug|Any CPU
		{D62DEC51-D4B6-3537-C0FB-F64A01D648FD}.Release|Any CPU.ActiveCfg = Release|Any CPU
		{D62DEC51-D4B6-3537-C0FB-F64A01D648FD}.Release|Any CPU.Build.0 = Release|Any CPU
	EndGlobalSection
	GlobalSection(SolutionProperties) = preSolution
		HideSolutionNode = FALSE
	EndGlobalSection
EndGlobal
