
Microsoft Visual Studio Solution File, Format Version 12.00
# Visual Studio 15
Project("{FAE04EC0-301F-11D3-BF4B-00C04F79EFBC}") = "Assembly-CSharp", "Assembly-CSharp.csproj", "{F903A867-C9B9-7EED-5C20-0F809BA92463}"
EndProject
Project("{FAE04EC0-301F-11D3-BF4B-00C04F79EFBC}") = "Assembly-CSharp-Editor", "Assembly-CSharp-Editor.csproj", "{0C771964-122A-A918-71D7-E6F20D4B3073}"
EndProject
Global
	GlobalSection(SolutionConfigurationPlatforms) = preSolution
		Debug|Any CPU = Debug|Any CPU
		Release|Any CPU = Release|Any CPU
	EndGlobalSection
	GlobalSection(ProjectConfigurationPlatforms) = postSolution
		{F903A867-C9B9-7EED-5C20-0F809BA92463}.Debug|Any CPU.ActiveCfg = Debug|Any CPU
		{F903A867-C9B9-7EED-5C20-0F809BA92463}.Debug|Any CPU.Build.0 = Debug|Any CPU
		{F903A867-C9B9-7EED-5C20-0F809BA92463}.Release|Any CPU.ActiveCfg = Release|Any CPU
		{F903A867-C9B9-7EED-5C20-0F809BA92463}.Release|Any CPU.Build.0 = Release|Any CPU
		{0C771964-122A-A918-71D7-E6F20D4B3073}.Debug|Any CPU.ActiveCfg = Debug|Any CPU
		{0C771964-122A-A918-71D7-E6F20D4B3073}.Debug|Any CPU.Build.0 = Debug|Any CPU
		{0C771964-122A-A918-71D7-E6F20D4B3073}.Release|Any CPU.ActiveCfg = Release|Any CPU
		{0C771964-122A-A918-71D7-E6F20D4B3073}.Release|Any CPU.Build.0 = Release|Any CPU
	EndGlobalSection
	GlobalSection(SolutionProperties) = preSolution
		HideSolutionNode = FALSE
	EndGlobalSection
EndGlobal
